
Microsoft Visual Studio Solution File, Format Version 12.00
# Visual Studio Version 17
VisualStudioVersion = 17.10.35122.118
MinimumVisualStudioVersion = 10.0.40219.1
Project("{FAE04EC0-301F-11D3-BF4B-00C04F79EFBC}") = "ProductsApp.API", "ProductsApp.API\ProductsApp.API.csproj", "{3DDA2F48-7D3C-4005-A3A4-D57495A82FF3}"
EndProject
Project("{FAE04EC0-301F-11D3-BF4B-00C04F79EFBC}") = "ProductsApp.Data", "ProductsApp.Data\ProductsApp.Data.csproj", "{57EB12CC-27D7-415E-BE8C-5BDD8CAFC8C0}"
EndProject
Global
	GlobalSection(SolutionConfigurationPlatforms) = preSolution
		Debug|Any CPU = Debug|Any CPU
		Release|Any CPU = Release|Any CPU
	EndGlobalSection
	GlobalSection(ProjectConfigurationPlatforms) = postSolution
		{3DDA2F48-7D3C-4005-A3A4-D57495A82FF3}.Debug|Any CPU.ActiveCfg = Debug|Any CPU
		{3DDA2F48-7D3C-4005-A3A4-D57495A82FF3}.Debug|Any CPU.Build.0 = Debug|Any CPU
		{3DDA2F48-7D3C-4005-A3A4-D57495A82FF3}.Release|Any CPU.ActiveCfg = Release|Any CPU
		{3DDA2F48-7D3C-4005-A3A4-D57495A82FF3}.Release|Any CPU.Build.0 = Release|Any CPU
		{57EB12CC-27D7-415E-BE8C-5BDD8CAFC8C0}.Debug|Any CPU.ActiveCfg = Debug|Any CPU
		{57EB12CC-27D7-415E-BE8C-5BDD8CAFC8C0}.Debug|Any CPU.Build.0 = Debug|Any CPU
		{57EB12CC-27D7-415E-BE8C-5BDD8CAFC8C0}.Release|Any CPU.ActiveCfg = Release|Any CPU
		{57EB12CC-27D7-415E-BE8C-5BDD8CAFC8C0}.Release|Any CPU.Build.0 = Release|Any CPU
	EndGlobalSection
	GlobalSection(SolutionProperties) = preSolution
		HideSolutionNode = FALSE
	EndGlobalSection
	GlobalSection(ExtensibilityGlobals) = postSolution
		SolutionGuid = {101AF486-C8EC-4E62-AA02-EE1463624176}
	EndGlobalSection
EndGlobal
